
Microsoft Visual Studio Solution File, Format Version 12.00
# Visual Studio Version 16
VisualStudioVersion = 16.0.29306.81
MinimumVisualStudioVersion = 10.0.40219.1
Project("{FAE04EC0-301F-11D3-BF4B-00C04F79EFBC}") = "Lab1", "Lab1\Lab1.csproj", "{07E315FD-85C3-460F-88D8-EE2EB111F23D}"
EndProject
Global
	GlobalSection(SolutionConfigurationPlatforms) = preSolution
		Debug|Any CPU = Debug|Any CPU
		Release|Any CPU = Release|Any CPU
	EndGlobalSection
	GlobalSection(ProjectConfigurationPlatforms) = postSolution
		{07E315FD-85C3-460F-88D8-EE2EB111F23D}.Debug|Any CPU.ActiveCfg = Debug|Any CPU
		{07E315FD-85C3-460F-88D8-EE2EB111F23D}.Debug|Any CPU.Build.0 = Debug|Any CPU
		{07E315FD-85C3-460F-88D8-EE2EB111F23D}.Release|Any CPU.ActiveCfg = Release|Any CPU
		{07E315FD-85C3-460F-88D8-EE2EB111F23D}.Release|Any CPU.Build.0 = Release|Any CPU
	EndGlobalSection
	GlobalSection(SolutionProperties) = preSolution
		HideSolutionNode = FALSE
	EndGlobalSection
	GlobalSection(ExtensibilityGlobals) = postSolution
		SolutionGuid = {F93C368A-9C2B-4868-B952-9431AA5A4469}
	EndGlobalSection
EndGlobal
